
Microsoft Visual Studio Solution File, Format Version 12.00
# Visual Studio Version 16
VisualStudioVersion = 16.0.29503.13
MinimumVisualStudioVersion = 10.0.40219.1
Project("{FAE04EC0-301F-11D3-BF4B-00C04F79EFBC}") = "AppFunciones2", "AppFunciones2\AppFunciones2.csproj", "{9B645656-8E7D-49AB-BD85-607976ABCCE4}"
EndProject
Global
	GlobalSection(SolutionConfigurationPlatforms) = preSolution
		Debug|Any CPU = Debug|Any CPU
		Release|Any CPU = Release|Any CPU
	EndGlobalSection
	GlobalSection(ProjectConfigurationPlatforms) = postSolution
		{9B645656-8E7D-49AB-BD85-607976ABCCE4}.Debug|Any CPU.ActiveCfg = Debug|Any CPU
		{9B645656-8E7D-49AB-BD85-607976ABCCE4}.Debug|Any CPU.Build.0 = Debug|Any CPU
		{9B645656-8E7D-49AB-BD85-607976ABCCE4}.Release|Any CPU.ActiveCfg = Release|Any CPU
		{9B645656-8E7D-49AB-BD85-607976ABCCE4}.Release|Any CPU.Build.0 = Release|Any CPU
	EndGlobalSection
	GlobalSection(SolutionProperties) = preSolution
		HideSolutionNode = FALSE
	EndGlobalSection
	GlobalSection(ExtensibilityGlobals) = postSolution
		SolutionGuid = {2C648074-2E7B-48EF-A590-2828FA2578B8}
	EndGlobalSection
EndGlobal
